// !$*UTF8*$!
{
	archiveVersion = 1;
	classes = {
	};
	objectVersion = 56;
	objects = {

/* Begin PBXBuildFile section */
		FA1D0BA22CD246EA00320FA3 /* AppDelegate.swift in Sources */ = {isa = PBXBuildFile; fileRef = FA1D0BA12CD246EA00320FA3 /* AppDelegate.swift */; };
		FA1D0BA42CD246EA00320FA3 /* SceneDelegate.swift in Sources */ = {isa = PBXBuildFile; fileRef = FA1D0BA32CD246EA00320FA3 /* SceneDelegate.swift */; };
		FA1D0BA62CD246EA00320FA3 /* SeekhoHomeViewController.swift in Sources */ = {isa = PBXBuildFile; fileRef = FA1D0BA52CD246EA00320FA3 /* SeekhoHomeViewController.swift */; };
		FA1D0BA92CD246EA00320FA3 /* Base in Resources */ = {isa = PBXBuildFile; fileRef = FA1D0BA82CD246EA00320FA3 /* Base */; };
		FA1D0BAB2CD246EB00320FA3 /* Assets.xcassets in Resources */ = {isa = PBXBuildFile; fileRef = FA1D0BAA2CD246EB00320FA3 /* Assets.xcassets */; };
		FA1D0BAE2CD246EB00320FA3 /* Base in Resources */ = {isa = PBXBuildFile; fileRef = FA1D0BAD2CD246EB00320FA3 /* Base */; };
		FA1D0BBA2CD254E100320FA3 /* APIClient.swift in Sources */ = {isa = PBXBuildFile; fileRef = FA1D0BB92CD254E100320FA3 /* APIClient.swift */; };
		FA1D0BBC2CD2553300320FA3 /* RequestBuilder.swift in Sources */ = {isa = PBXBuildFile; fileRef = FA1D0BBB2CD2553300320FA3 /* RequestBuilder.swift */; };
		FA1D0BBE2CD2557B00320FA3 /* Endpoints.swift in Sources */ = {isa = PBXBuildFile; fileRef = FA1D0BBD2CD2557B00320FA3 /* Endpoints.swift */; };
		FA1D0BC02CD255EE00320FA3 /* NetworkErrors.swift in Sources */ = {isa = PBXBuildFile; fileRef = FA1D0BBF2CD255EE00320FA3 /* NetworkErrors.swift */; };
		FA1D0BC22CD257CC00320FA3 /* SeekhoViewModelClass.swift in Sources */ = {isa = PBXBuildFile; fileRef = FA1D0BC12CD257CC00320FA3 /* SeekhoViewModelClass.swift */; };
		FA1D0BC42CD2591C00320FA3 /* SeekhoServiceManager.swift in Sources */ = {isa = PBXBuildFile; fileRef = FA1D0BC32CD2591C00320FA3 /* SeekhoServiceManager.swift */; };
		FA1D0BC62CD259E600320FA3 /* PopularMoviesModel.swift in Sources */ = {isa = PBXBuildFile; fileRef = FA1D0BC52CD259E600320FA3 /* PopularMoviesModel.swift */; };
		FA1D0BC92CD2A39700320FA3 /* SeekhoHomeViewController + TableviewExtension.swift in Sources */ = {isa = PBXBuildFile; fileRef = FA1D0BC82CD2A39700320FA3 /* SeekhoHomeViewController + TableviewExtension.swift */; };
		FA1D0BCD2CD2A4C700320FA3 /* ListTableViewCell.swift in Sources */ = {isa = PBXBuildFile; fileRef = FA1D0BCB2CD2A4C700320FA3 /* ListTableViewCell.swift */; };
		FA1D0BCE2CD2A4C700320FA3 /* ListTableViewCell.xib in Resources */ = {isa = PBXBuildFile; fileRef = FA1D0BCC2CD2A4C700320FA3 /* ListTableViewCell.xib */; };
		FA1D0BD42CD2AC2B00320FA3 /* DetailPageViewController.swift in Sources */ = {isa = PBXBuildFile; fileRef = FA1D0BD22CD2AC2B00320FA3 /* DetailPageViewController.swift */; };
		FA1D0BD52CD2AC2B00320FA3 /* DetailPageViewController.xib in Resources */ = {isa = PBXBuildFile; fileRef = FA1D0BD32CD2AC2B00320FA3 /* DetailPageViewController.xib */; };
		FA1D0BD82CD8DFB900320FA3 /* SDWebImage in Frameworks */ = {isa = PBXBuildFile; productRef = FA1D0BD72CD8DFB900320FA3 /* SDWebImage */; };
		FA1D0BDA2CD8F9CD00320FA3 /* DetailPageViewmodel.swift in Sources */ = {isa = PBXBuildFile; fileRef = FA1D0BD92CD8F9CD00320FA3 /* DetailPageViewmodel.swift */; };
		FA1D0BDD2CD9120D00320FA3 /* YouTubeiOSPlayerHelper in Frameworks */ = {isa = PBXBuildFile; productRef = FA1D0BDC2CD9120D00320FA3 /* YouTubeiOSPlayerHelper */; };
		FAFA80CE2CDA057300837BD0 /* MovieDetailsModel.swift in Sources */ = {isa = PBXBuildFile; fileRef = FAFA80CD2CDA057300837BD0 /* MovieDetailsModel.swift */; };
		FAFA80D72CDA0C1300837BD0 /* Constant.swift in Sources */ = {isa = PBXBuildFile; fileRef = FAFA80D62CDA0C1300837BD0 /* Constant.swift */; };
/* End PBXBuildFile section */

/* Begin PBXFileReference section */
		FA1D0B9E2CD246EA00320FA3 /* SeekhoApp.app */ = {isa = PBXFileReference; explicitFileType = wrapper.application; includeInIndex = 0; path = SeekhoApp.app; sourceTree = BUILT_PRODUCTS_DIR; };
		FA1D0BA12CD246EA00320FA3 /* AppDelegate.swift */ = {isa = PBXFileReference; lastKnownFileType = sourcecode.swift; path = AppDelegate.swift; sourceTree = "<group>"; };
		FA1D0BA32CD246EA00320FA3 /* SceneDelegate.swift */ = {isa = PBXFileReference; lastKnownFileType = sourcecode.swift; path = SceneDelegate.swift; sourceTree = "<group>"; };
		FA1D0BA52CD246EA00320FA3 /* SeekhoHomeViewController.swift */ = {isa = PBXFileReference; lastKnownFileType = sourcecode.swift; path = SeekhoHomeViewController.swift; sourceTree = "<group>"; };
		FA1D0BA82CD246EA00320FA3 /* Base */ = {isa = PBXFileReference; lastKnownFileType = file.storyboard; name = Base; path = Base.lproj/Main.storyboard; sourceTree = "<group>"; };
		FA1D0BAA2CD246EB00320FA3 /* Assets.xcassets */ = {isa = PBXFileReference; lastKnownFileType = folder.assetcatalog; path = Assets.xcassets; sourceTree = "<group>"; };
		FA1D0BAD2CD246EB00320FA3 /* Base */ = {isa = PBXFileReference; lastKnownFileType = file.storyboard; name = Base; path = Base.lproj/LaunchScreen.storyboard; sourceTree = "<group>"; };
		FA1D0BAF2CD246EB00320FA3 /* Info.plist */ = {isa = PBXFileReference; lastKnownFileType = text.plist.xml; path = Info.plist; sourceTree = "<group>"; };
		FA1D0BB92CD254E100320FA3 /* APIClient.swift */ = {isa = PBXFileReference; lastKnownFileType = sourcecode.swift; path = APIClient.swift; sourceTree = "<group>"; };
		FA1D0BBB2CD2553300320FA3 /* RequestBuilder.swift */ = {isa = PBXFileReference; lastKnownFileType = sourcecode.swift; path = RequestBuilder.swift; sourceTree = "<group>"; };
		FA1D0BBD2CD2557B00320FA3 /* Endpoints.swift */ = {isa = PBXFileReference; lastKnownFileType = sourcecode.swift; path = Endpoints.swift; sourceTree = "<group>"; };
		FA1D0BBF2CD255EE00320FA3 /* NetworkErrors.swift */ = {isa = PBXFileReference; lastKnownFileType = sourcecode.swift; path = NetworkErrors.swift; sourceTree = "<group>"; };
		FA1D0BC12CD257CC00320FA3 /* SeekhoViewModelClass.swift */ = {isa = PBXFileReference; lastKnownFileType = sourcecode.swift; path = SeekhoViewModelClass.swift; sourceTree = "<group>"; };
		FA1D0BC32CD2591C00320FA3 /* SeekhoServiceManager.swift */ = {isa = PBXFileReference; lastKnownFileType = sourcecode.swift; path = SeekhoServiceManager.swift; sourceTree = "<group>"; };
		FA1D0BC52CD259E600320FA3 /* PopularMoviesModel.swift */ = {isa = PBXFileReference; lastKnownFileType = sourcecode.swift; path = PopularMoviesModel.swift; sourceTree = "<group>"; };
		FA1D0BC82CD2A39700320FA3 /* SeekhoHomeViewController + TableviewExtension.swift */ = {isa = PBXFileReference; lastKnownFileType = sourcecode.swift; path = "SeekhoHomeViewController + TableviewExtension.swift"; sourceTree = "<group>"; };
		FA1D0BCB2CD2A4C700320FA3 /* ListTableViewCell.swift */ = {isa = PBXFileReference; lastKnownFileType = sourcecode.swift; path = ListTableViewCell.swift; sourceTree = "<group>"; };
		FA1D0BCC2CD2A4C700320FA3 /* ListTableViewCell.xib */ = {isa = PBXFileReference; lastKnownFileType = file.xib; path = ListTableViewCell.xib; sourceTree = "<group>"; };
		FA1D0BD22CD2AC2B00320FA3 /* DetailPageViewController.swift */ = {isa = PBXFileReference; lastKnownFileType = sourcecode.swift; path = DetailPageViewController.swift; sourceTree = "<group>"; };
		FA1D0BD32CD2AC2B00320FA3 /* DetailPageViewController.xib */ = {isa = PBXFileReference; lastKnownFileType = file.xib; path = DetailPageViewController.xib; sourceTree = "<group>"; };
		FA1D0BD92CD8F9CD00320FA3 /* DetailPageViewmodel.swift */ = {isa = PBXFileReference; lastKnownFileType = sourcecode.swift; path = DetailPageViewmodel.swift; sourceTree = "<group>"; };
		FAFA80CD2CDA057300837BD0 /* MovieDetailsModel.swift */ = {isa = PBXFileReference; lastKnownFileType = sourcecode.swift; path = MovieDetailsModel.swift; sourceTree = "<group>"; };
		FAFA80D62CDA0C1300837BD0 /* Constant.swift */ = {isa = PBXFileReference; lastKnownFileType = sourcecode.swift; path = Constant.swift; sourceTree = "<group>"; };
/* End PBXFileReference section */

/* Begin PBXFrameworksBuildPhase section */
		FA1D0B9B2CD246EA00320FA3 /* Frameworks */ = {
			isa = PBXFrameworksBuildPhase;
			buildActionMask = 2147483647;
			files = (
				FA1D0BD82CD8DFB900320FA3 /* SDWebImage in Frameworks */,
				FA1D0BDD2CD9120D00320FA3 /* YouTubeiOSPlayerHelper in Frameworks */,
			);
			runOnlyForDeploymentPostprocessing = 0;
		};
/* End PBXFrameworksBuildPhase section */

/* Begin PBXGroup section */
		FA1D0B952CD246E900320FA3 = {
			isa = PBXGroup;
			children = (
				FA1D0BA02CD246EA00320FA3 /* SeekhoApp */,
				FA1D0B9F2CD246EA00320FA3 /* Products */,
			);
			sourceTree = "<group>";
		};
		FA1D0B9F2CD246EA00320FA3 /* Products */ = {
			isa = PBXGroup;
			children = (
				FA1D0B9E2CD246EA00320FA3 /* SeekhoApp.app */,
			);
			name = Products;
			sourceTree = "<group>";
		};
		FA1D0BA02CD246EA00320FA3 /* SeekhoApp */ = {
			isa = PBXGroup;
			children = (
				FAFA80D52CDA0C0100837BD0 /* Constant */,
				FAFA80D42CDA06CC00837BD0 /* SupportingFiles */,
				FA1D0BB82CD254D100320FA3 /* Networking */,
				FA1D0BCF2CD2ABC300320FA3 /* HomePage */,
				FA1D0BD12CD2ABE700320FA3 /* DetailPage */,
			);
			path = SeekhoApp;
			sourceTree = "<group>";
		};
		FA1D0BB82CD254D100320FA3 /* Networking */ = {
			isa = PBXGroup;
			children = (
				FA1D0BD02CD2ABD800320FA3 /* serviceManager */,
				FA1D0BB92CD254E100320FA3 /* APIClient.swift */,
				FA1D0BBB2CD2553300320FA3 /* RequestBuilder.swift */,
				FA1D0BBD2CD2557B00320FA3 /* Endpoints.swift */,
				FA1D0BBF2CD255EE00320FA3 /* NetworkErrors.swift */,
			);
			path = Networking;
			sourceTree = "<group>";
		};
		FA1D0BC72CD259EE00320FA3 /* DetailPageModel */ = {
			isa = PBXGroup;
			children = (
				FAFA80CD2CDA057300837BD0 /* MovieDetailsModel.swift */,
			);
			path = DetailPageModel;
			sourceTree = "<group>";
		};
		FA1D0BCA2CD2A48B00320FA3 /* HomePageTableViewCells */ = {
			isa = PBXGroup;
			children = (
				FA1D0BCB2CD2A4C700320FA3 /* ListTableViewCell.swift */,
				FA1D0BCC2CD2A4C700320FA3 /* ListTableViewCell.xib */,
			);
			path = HomePageTableViewCells;
			sourceTree = "<group>";
		};
		FA1D0BCF2CD2ABC300320FA3 /* HomePage */ = {
			isa = PBXGroup;
			children = (
				FAFA80CF2CDA05A900837BD0 /* HomePageView */,
				FAFA80D02CDA05E500837BD0 /* HomePageViewModel */,
				FAFA80D12CDA060400837BD0 /* HomePageModel */,
			);
			path = HomePage;
			sourceTree = "<group>";
		};
		FA1D0BD02CD2ABD800320FA3 /* serviceManager */ = {
			isa = PBXGroup;
			children = (
				FA1D0BC32CD2591C00320FA3 /* SeekhoServiceManager.swift */,
			);
			path = serviceManager;
			sourceTree = "<group>";
		};
		FA1D0BD12CD2ABE700320FA3 /* DetailPage */ = {
			isa = PBXGroup;
			children = (
				FAFA80D22CDA065B00837BD0 /* DetailPageView */,
				FAFA80D32CDA066900837BD0 /* DetailPageViewModel */,
				FA1D0BC72CD259EE00320FA3 /* DetailPageModel */,
			);
			path = DetailPage;
			sourceTree = "<group>";
		};
		FAFA80CF2CDA05A900837BD0 /* HomePageView */ = {
			isa = PBXGroup;
			children = (
				FA1D0BA52CD246EA00320FA3 /* SeekhoHomeViewController.swift */,
				FA1D0BC82CD2A39700320FA3 /* SeekhoHomeViewController + TableviewExtension.swift */,
				FA1D0BCA2CD2A48B00320FA3 /* HomePageTableViewCells */,
			);
			path = HomePageView;
			sourceTree = "<group>";
		};
		FAFA80D02CDA05E500837BD0 /* HomePageViewModel */ = {
			isa = PBXGroup;
			children = (
				FA1D0BC12CD257CC00320FA3 /* SeekhoViewModelClass.swift */,
			);
			path = HomePageViewModel;
			sourceTree = "<group>";
		};
		FAFA80D12CDA060400837BD0 /* HomePageModel */ = {
			isa = PBXGroup;
			children = (
				FA1D0BC52CD259E600320FA3 /* PopularMoviesModel.swift */,
			);
			path = HomePageModel;
			sourceTree = "<group>";
		};
		FAFA80D22CDA065B00837BD0 /* DetailPageView */ = {
			isa = PBXGroup;
			children = (
				FA1D0BD22CD2AC2B00320FA3 /* DetailPageViewController.swift */,
				FA1D0BD32CD2AC2B00320FA3 /* DetailPageViewController.xib */,
			);
			path = DetailPageView;
			sourceTree = "<group>";
		};
		FAFA80D32CDA066900837BD0 /* DetailPageViewModel */ = {
			isa = PBXGroup;
			children = (
				FA1D0BD92CD8F9CD00320FA3 /* DetailPageViewmodel.swift */,
			);
			path = DetailPageViewModel;
			sourceTree = "<group>";
		};
		FAFA80D42CDA06CC00837BD0 /* SupportingFiles */ = {
			isa = PBXGroup;
			children = (
				FA1D0BA12CD246EA00320FA3 /* AppDelegate.swift */,
				FA1D0BA32CD246EA00320FA3 /* SceneDelegate.swift */,
				FA1D0BA72CD246EA00320FA3 /* Main.storyboard */,
				FA1D0BAA2CD246EB00320FA3 /* Assets.xcassets */,
				FA1D0BAC2CD246EB00320FA3 /* LaunchScreen.storyboard */,
				FA1D0BAF2CD246EB00320FA3 /* Info.plist */,
			);
			path = SupportingFiles;
			sourceTree = "<group>";
		};
		FAFA80D52CDA0C0100837BD0 /* Constant */ = {
			isa = PBXGroup;
			children = (
				FAFA80D62CDA0C1300837BD0 /* Constant.swift */,
			);
			path = Constant;
			sourceTree = "<group>";
		};
/* End PBXGroup section */

/* Begin PBXNativeTarget section */
		FA1D0B9D2CD246EA00320FA3 /* SeekhoApp */ = {
			isa = PBXNativeTarget;
			buildConfigurationList = FA1D0BB22CD246EB00320FA3 /* Build configuration list for PBXNativeTarget "SeekhoApp" */;
			buildPhases = (
				FA1D0B9A2CD246EA00320FA3 /* Sources */,
				FA1D0B9B2CD246EA00320FA3 /* Frameworks */,
				FA1D0B9C2CD246EA00320FA3 /* Resources */,
			);
			buildRules = (
			);
			dependencies = (
			);
			name = SeekhoApp;
			packageProductDependencies = (
				FA1D0BD72CD8DFB900320FA3 /* SDWebImage */,
				FA1D0BDC2CD9120D00320FA3 /* YouTubeiOSPlayerHelper */,
			);
			productName = SeekhoApp;
			productReference = FA1D0B9E2CD246EA00320FA3 /* SeekhoApp.app */;
			productType = "com.apple.product-type.application";
		};
/* End PBXNativeTarget section */

/* Begin PBXProject section */
		FA1D0B962CD246EA00320FA3 /* Project object */ = {
			isa = PBXProject;
			attributes = {
				BuildIndependentTargetsInParallel = 1;
				LastSwiftUpdateCheck = 1540;
				LastUpgradeCheck = 1540;
				TargetAttributes = {
					FA1D0B9D2CD246EA00320FA3 = {
						CreatedOnToolsVersion = 15.4;
					};
				};
			};
			buildConfigurationList = FA1D0B992CD246EA00320FA3 /* Build configuration list for PBXProject "SeekhoApp" */;
			compatibilityVersion = "Xcode 14.0";
			developmentRegion = en;
			hasScannedForEncodings = 0;
			knownRegions = (
				en,
				Base,
			);
			mainGroup = FA1D0B952CD246E900320FA3;
			packageReferences = (
				FA1D0BD62CD8DFB900320FA3 /* XCRemoteSwiftPackageReference "SDWebImage" */,
				FA1D0BDB2CD9120D00320FA3 /* XCRemoteSwiftPackageReference "youtube-ios-player-helper" */,
			);
			productRefGroup = FA1D0B9F2CD246EA00320FA3 /* Products */;
			projectDirPath = "";
			projectRoot = "";
			targets = (
				FA1D0B9D2CD246EA00320FA3 /* SeekhoApp */,
			);
		};
/* End PBXProject section */

/* Begin PBXResourcesBuildPhase section */
		FA1D0B9C2CD246EA00320FA3 /* Resources */ = {
			isa = PBXResourcesBuildPhase;
			buildActionMask = 2147483647;
			files = (
				FA1D0BAB2CD246EB00320FA3 /* Assets.xcassets in Resources */,
				FA1D0BCE2CD2A4C700320FA3 /* ListTableViewCell.xib in Resources */,
				FA1D0BAE2CD246EB00320FA3 /* Base in Resources */,
				FA1D0BA92CD246EA00320FA3 /* Base in Resources */,
				FA1D0BD52CD2AC2B00320FA3 /* DetailPageViewController.xib in Resources */,
			);
			runOnlyForDeploymentPostprocessing = 0;
		};
/* End PBXResourcesBuildPhase section */

/* Begin PBXSourcesBuildPhase section */
		FA1D0B9A2CD246EA00320FA3 /* Sources */ = {
			isa = PBXSourcesBuildPhase;
			buildActionMask = 2147483647;
			files = (
				FA1D0BD42CD2AC2B00320FA3 /* DetailPageViewController.swift in Sources */,
				FA1D0BBC2CD2553300320FA3 /* RequestBuilder.swift in Sources */,
				FA1D0BDA2CD8F9CD00320FA3 /* DetailPageViewmodel.swift in Sources */,
				FAFA80D72CDA0C1300837BD0 /* Constant.swift in Sources */,
				FA1D0BA62CD246EA00320FA3 /* SeekhoHomeViewController.swift in Sources */,
				FA1D0BA22CD246EA00320FA3 /* AppDelegate.swift in Sources */,
				FA1D0BA42CD246EA00320FA3 /* SceneDelegate.swift in Sources */,
				FAFA80CE2CDA057300837BD0 /* MovieDetailsModel.swift in Sources */,
				FA1D0BC42CD2591C00320FA3 /* SeekhoServiceManager.swift in Sources */,
				FA1D0BCD2CD2A4C700320FA3 /* ListTableViewCell.swift in Sources */,
				FA1D0BBE2CD2557B00320FA3 /* Endpoints.swift in Sources */,
				FA1D0BBA2CD254E100320FA3 /* APIClient.swift in Sources */,
				FA1D0BC22CD257CC00320FA3 /* SeekhoViewModelClass.swift in Sources */,
				FA1D0BC02CD255EE00320FA3 /* NetworkErrors.swift in Sources */,
				FA1D0BC92CD2A39700320FA3 /* SeekhoHomeViewController + TableviewExtension.swift in Sources */,
				FA1D0BC62CD259E600320FA3 /* PopularMoviesModel.swift in Sources */,
			);
			runOnlyForDeploymentPostprocessing = 0;
		};
/* End PBXSourcesBuildPhase section */

/* Begin PBXVariantGroup section */
		FA1D0BA72CD246EA00320FA3 /* Main.storyboard */ = {
			isa = PBXVariantGroup;
			children = (
				FA1D0BA82CD246EA00320FA3 /* Base */,
			);
			name = Main.storyboard;
			sourceTree = "<group>";
		};
		FA1D0BAC2CD246EB00320FA3 /* LaunchScreen.storyboard */ = {
			isa = PBXVariantGroup;
			children = (
				FA1D0BAD2CD246EB00320FA3 /* Base */,
			);
			name = LaunchScreen.storyboard;
			sourceTree = "<group>";
		};
/* End PBXVariantGroup section */

/* Begin XCBuildConfiguration section */
		FA1D0BB02CD246EB00320FA3 /* Debug */ = {
			isa = XCBuildConfiguration;
			buildSettings = {
				ALWAYS_SEARCH_USER_PATHS = NO;
				ASSETCATALOG_COMPILER_GENERATE_SWIFT_ASSET_SYMBOL_EXTENSIONS = YES;
				CLANG_ANALYZER_NONNULL = YES;
				CLANG_ANALYZER_NUMBER_OBJECT_CONVERSION = YES_AGGRESSIVE;
				CLANG_CXX_LANGUAGE_STANDARD = "gnu++20";
				CLANG_ENABLE_MODULES = YES;
				CLANG_ENABLE_OBJC_ARC = YES;
				CLANG_ENABLE_OBJC_WEAK = YES;
				CLANG_WARN_BLOCK_CAPTURE_AUTORELEASING = YES;
				CLANG_WARN_BOOL_CONVERSION = YES;
				CLANG_WARN_COMMA = YES;
				CLANG_WARN_CONSTANT_CONVERSION = YES;
				CLANG_WARN_DEPRECATED_OBJC_IMPLEMENTATIONS = YES;
				CLANG_WARN_DIRECT_OBJC_ISA_USAGE = YES_ERROR;
				CLANG_WARN_DOCUMENTATION_COMMENTS = YES;
				CLANG_WARN_EMPTY_BODY = YES;
				CLANG_WARN_ENUM_CONVERSION = YES;
				CLANG_WARN_INFINITE_RECURSION = YES;
				CLANG_WARN_INT_CONVERSION = YES;
				CLANG_WARN_NON_LITERAL_NULL_CONVERSION = YES;
				CLANG_WARN_OBJC_IMPLICIT_RETAIN_SELF = YES;
				CLANG_WARN_OBJC_LITERAL_CONVERSION = YES;
				CLANG_WARN_OBJC_ROOT_CLASS = YES_ERROR;
				CLANG_WARN_QUOTED_INCLUDE_IN_FRAMEWORK_HEADER = YES;
				CLANG_WARN_RANGE_LOOP_ANALYSIS = YES;
				CLANG_WARN_STRICT_PROTOTYPES = YES;
				CLANG_WARN_SUSPICIOUS_MOVE = YES;
				CLANG_WARN_UNGUARDED_AVAILABILITY = YES_AGGRESSIVE;
				CLANG_WARN_UNREACHABLE_CODE = YES;
				CLANG_WARN__DUPLICATE_METHOD_MATCH = YES;
				COPY_PHASE_STRIP = NO;
				DEBUG_INFORMATION_FORMAT = dwarf;
				ENABLE_STRICT_OBJC_MSGSEND = YES;
				ENABLE_TESTABILITY = YES;
				ENABLE_USER_SCRIPT_SANDBOXING = YES;
				GCC_C_LANGUAGE_STANDARD = gnu17;
				GCC_DYNAMIC_NO_PIC = NO;
				GCC_NO_COMMON_BLOCKS = YES;
				GCC_OPTIMIZATION_LEVEL = 0;
				GCC_PREPROCESSOR_DEFINITIONS = (
					"DEBUG=1",
					"$(inherited)",
				);
				GCC_WARN_64_TO_32_BIT_CONVERSION = YES;
				GCC_WARN_ABOUT_RETURN_TYPE = YES_ERROR;
				GCC_WARN_UNDECLARED_SELECTOR = YES;
				GCC_WARN_UNINITIALIZED_AUTOS = YES_AGGRESSIVE;
				GCC_WARN_UNUSED_FUNCTION = YES;
				GCC_WARN_UNUSED_VARIABLE = YES;
				IPHONEOS_DEPLOYMENT_TARGET = 17.5;
				LOCALIZATION_PREFERS_STRING_CATALOGS = YES;
				MTL_ENABLE_DEBUG_INFO = INCLUDE_SOURCE;
				MTL_FAST_MATH = YES;
				ONLY_ACTIVE_ARCH = YES;
				SDKROOT = iphoneos;
				SWIFT_ACTIVE_COMPILATION_CONDITIONS = "DEBUG $(inherited)";
				SWIFT_OPTIMIZATION_LEVEL = "-Onone";
			};
			name = Debug;
		};
		FA1D0BB12CD246EB00320FA3 /* Release */ = {
			isa = XCBuildConfiguration;
			buildSettings = {
				ALWAYS_SEARCH_USER_PATHS = NO;
				ASSETCATALOG_COMPILER_GENERATE_SWIFT_ASSET_SYMBOL_EXTENSIONS = YES;
				CLANG_ANALYZER_NONNULL = YES;
				CLANG_ANALYZER_NUMBER_OBJECT_CONVERSION = YES_AGGRESSIVE;
				CLANG_CXX_LANGUAGE_STANDARD = "gnu++20";
				CLANG_ENABLE_MODULES = YES;
				CLANG_ENABLE_OBJC_ARC = YES;
				CLANG_ENABLE_OBJC_WEAK = YES;
				CLANG_WARN_BLOCK_CAPTURE_AUTORELEASING = YES;
				CLANG_WARN_BOOL_CONVERSION = YES;
				CLANG_WARN_COMMA = YES;
				CLANG_WARN_CONSTANT_CONVERSION = YES;
				CLANG_WARN_DEPRECATED_OBJC_IMPLEMENTATIONS = YES;
				CLANG_WARN_DIRECT_OBJC_ISA_USAGE = YES_ERROR;
				CLANG_WARN_DOCUMENTATION_COMMENTS = YES;
				CLANG_WARN_EMPTY_BODY = YES;
				CLANG_WARN_ENUM_CONVERSION = YES;
				CLANG_WARN_INFINITE_RECURSION = YES;
				CLANG_WARN_INT_CONVERSION = YES;
				CLANG_WARN_NON_LITERAL_NULL_CONVERSION = YES;
				CLANG_WARN_OBJC_IMPLICIT_RETAIN_SELF = YES;
				CLANG_WARN_OBJC_LITERAL_CONVERSION = YES;
				CLANG_WARN_OBJC_ROOT_CLASS = YES_ERROR;
				CLANG_WARN_QUOTED_INCLUDE_IN_FRAMEWORK_HEADER = YES;
				CLANG_WARN_RANGE_LOOP_ANALYSIS = YES;
				CLANG_WARN_STRICT_PROTOTYPES = YES;
				CLANG_WARN_SUSPICIOUS_MOVE = YES;
				CLANG_WARN_UNGUARDED_AVAILABILITY = YES_AGGRESSIVE;
				CLANG_WARN_UNREACHABLE_CODE = YES;
				CLANG_WARN__DUPLICATE_METHOD_MATCH = YES;
				COPY_PHASE_STRIP = NO;
				DEBUG_INFORMATION_FORMAT = "dwarf-with-dsym";
				ENABLE_NS_ASSERTIONS = NO;
				ENABLE_STRICT_OBJC_MSGSEND = YES;
				ENABLE_USER_SCRIPT_SANDBOXING = YES;
				GCC_C_LANGUAGE_STANDARD = gnu17;
				GCC_NO_COMMON_BLOCKS = YES;
				GCC_WARN_64_TO_32_BIT_CONVERSION = YES;
				GCC_WARN_ABOUT_RETURN_TYPE = YES_ERROR;
				GCC_WARN_UNDECLARED_SELECTOR = YES;
				GCC_WARN_UNINITIALIZED_AUTOS = YES_AGGRESSIVE;
				GCC_WARN_UNUSED_FUNCTION = YES;
				GCC_WARN_UNUSED_VARIABLE = YES;
				IPHONEOS_DEPLOYMENT_TARGET = 17.5;
				LOCALIZATION_PREFERS_STRING_CATALOGS = YES;
				MTL_ENABLE_DEBUG_INFO = NO;
				MTL_FAST_MATH = YES;
				SDKROOT = iphoneos;
				SWIFT_COMPILATION_MODE = wholemodule;
				VALIDATE_PRODUCT = YES;
			};
			name = Release;
		};
		FA1D0BB32CD246EB00320FA3 /* Debug */ = {
			isa = XCBuildConfiguration;
			buildSettings = {
				ASSETCATALOG_COMPILER_APPICON_NAME = AppIcon;
				ASSETCATALOG_COMPILER_GLOBAL_ACCENT_COLOR_NAME = AccentColor;
				CODE_SIGN_STYLE = Automatic;
				CURRENT_PROJECT_VERSION = 1;
				GENERATE_INFOPLIST_FILE = YES;
				INFOPLIST_FILE = SeekhoApp/SupportingFiles/Info.plist;
				INFOPLIST_KEY_UIApplicationSupportsIndirectInputEvents = YES;
				INFOPLIST_KEY_UILaunchStoryboardName = LaunchScreen;
				INFOPLIST_KEY_UIMainStoryboardFile = Main;
				INFOPLIST_KEY_UISupportedInterfaceOrientations_iPad = "UIInterfaceOrientationPortrait UIInterfaceOrientationPortraitUpsideDown UIInterfaceOrientationLandscapeLeft UIInterfaceOrientationLandscapeRight";
				INFOPLIST_KEY_UISupportedInterfaceOrientations_iPhone = "UIInterfaceOrientationPortrait UIInterfaceOrientationLandscapeLeft UIInterfaceOrientationLandscapeRight";
				LD_RUNPATH_SEARCH_PATHS = (
					"$(inherited)",
					"@executable_path/Frameworks",
				);
				MARKETING_VERSION = 1.0;
				PRODUCT_BUNDLE_IDENTIFIER = com.shubham.SeekhoApp;
				PRODUCT_NAME = "$(TARGET_NAME)";
				SWIFT_EMIT_LOC_STRINGS = YES;
				SWIFT_VERSION = 5.0;
				TARGETED_DEVICE_FAMILY = "1,2";
			};
			name = Debug;
		};
		FA1D0BB42CD246EB00320FA3 /* Release */ = {
			isa = XCBuildConfiguration;
			buildSettings = {
				ASSETCATALOG_COMPILER_APPICON_NAME = AppIcon;
				ASSETCATALOG_COMPILER_GLOBAL_ACCENT_COLOR_NAME = AccentColor;
				CODE_SIGN_STYLE = Automatic;
				CURRENT_PROJECT_VERSION = 1;
				GENERATE_INFOPLIST_FILE = YES;
				INFOPLIST_FILE = SeekhoApp/SupportingFiles/Info.plist;
				INFOPLIST_KEY_UIApplicationSupportsIndirectInputEvents = YES;
				INFOPLIST_KEY_UILaunchStoryboardName = LaunchScreen;
				INFOPLIST_KEY_UIMainStoryboardFile = Main;
				INFOPLIST_KEY_UISupportedInterfaceOrientations_iPad = "UIInterfaceOrientationPortrait UIInterfaceOrientationPortraitUpsideDown UIInterfaceOrientationLandscapeLeft UIInterfaceOrientationLandscapeRight";
				INFOPLIST_KEY_UISupportedInterfaceOrientations_iPhone = "UIInterfaceOrientationPortrait UIInterfaceOrientationLandscapeLeft UIInterfaceOrientationLandscapeRight";
				LD_RUNPATH_SEARCH_PATHS = (
					"$(inherited)",
					"@executable_path/Frameworks",
				);
				MARKETING_VERSION = 1.0;
				PRODUCT_BUNDLE_IDENTIFIER = com.shubham.SeekhoApp;
				PRODUCT_NAME = "$(TARGET_NAME)";
				SWIFT_EMIT_LOC_STRINGS = YES;
				SWIFT_VERSION = 5.0;
				TARGETED_DEVICE_FAMILY = "1,2";
			};
			name = Release;
		};
/* End XCBuildConfiguration section */

/* Begin XCConfigurationList section */
		FA1D0B992CD246EA00320FA3 /* Build configuration list for PBXProject "SeekhoApp" */ = {
			isa = XCConfigurationList;
			buildConfigurations = (
				FA1D0BB02CD246EB00320FA3 /* Debug */,
				FA1D0BB12CD246EB00320FA3 /* Release */,
			);
			defaultConfigurationIsVisible = 0;
			defaultConfigurationName = Release;
		};
		FA1D0BB22CD246EB00320FA3 /* Build configuration list for PBXNativeTarget "SeekhoApp" */ = {
			isa = XCConfigurationList;
			buildConfigurations = (
				FA1D0BB32CD246EB00320FA3 /* Debug */,
				FA1D0BB42CD246EB00320FA3 /* Release */,
			);
			defaultConfigurationIsVisible = 0;
			defaultConfigurationName = Release;
		};
/* End XCConfigurationList section */

/* Begin XCRemoteSwiftPackageReference section */
		FA1D0BD62CD8DFB900320FA3 /* XCRemoteSwiftPackageReference "SDWebImage" */ = {
			isa = XCRemoteSwiftPackageReference;
			repositoryURL = "https://github.com/SDWebImage/SDWebImage.git";
			requirement = {
				kind = upToNextMajorVersion;
				minimumVersion = 5.20.0;
			};
		};
		FA1D0BDB2CD9120D00320FA3 /* XCRemoteSwiftPackageReference "youtube-ios-player-helper" */ = {
			isa = XCRemoteSwiftPackageReference;
			repositoryURL = "https://github.com/youtube/youtube-ios-player-helper.git";
			requirement = {
				kind = upToNextMajorVersion;
				minimumVersion = 1.0.4;
			};
		};
/* End XCRemoteSwiftPackageReference section */

/* Begin XCSwiftPackageProductDependency section */
		FA1D0BD72CD8DFB900320FA3 /* SDWebImage */ = {
			isa = XCSwiftPackageProductDependency;
			package = FA1D0BD62CD8DFB900320FA3 /* XCRemoteSwiftPackageReference "SDWebImage" */;
			productName = SDWebImage;
		};
		FA1D0BDC2CD9120D00320FA3 /* YouTubeiOSPlayerHelper */ = {
			isa = XCSwiftPackageProductDependency;
			package = FA1D0BDB2CD9120D00320FA3 /* XCRemoteSwiftPackageReference "youtube-ios-player-helper" */;
			productName = YouTubeiOSPlayerHelper;
		};
/* End XCSwiftPackageProductDependency section */
	};
	rootObject = FA1D0B962CD246EA00320FA3 /* Project object */;
}
